// !$*UTF8*$!
{
	archiveVersion = 1;
	classes = {
	};
	objectVersion = 55;
	objects = {

/* Begin PBXBuildFile section */
		A161BC352887B7EF00B17658 /* LiNotesApp.swift in Sources */ = {isa = PBXBuildFile; fileRef = A161BC342887B7EF00B17658 /* LiNotesApp.swift */; };
		A161BC372887B7EF00B17658 /* ContentView.swift in Sources */ = {isa = PBXBuildFile; fileRef = A161BC362887B7EF00B17658 /* ContentView.swift */; };
		A161BC392887B7F000B17658 /* Assets.xcassets in Resources */ = {isa = PBXBuildFile; fileRef = A161BC382887B7F000B17658 /* Assets.xcassets */; };
		A161BC3C2887B7F000B17658 /* Preview Assets.xcassets in Resources */ = {isa = PBXBuildFile; fileRef = A161BC3B2887B7F000B17658 /* Preview Assets.xcassets */; };
		A161BC5E2887CDBC00B17658 /* HomeView.swift in Sources */ = {isa = PBXBuildFile; fileRef = A161BC5D2887CDBC00B17658 /* HomeView.swift */; };
		A161BC622887D7D100B17658 /* OnboardingView.swift in Sources */ = {isa = PBXBuildFile; fileRef = A161BC612887D7D100B17658 /* OnboardingView.swift */; };
		A198AF4E288905370037E808 /* LiNotesCoreData.xcdatamodeld in Sources */ = {isa = PBXBuildFile; fileRef = A198AF4C288905370037E808 /* LiNotesCoreData.xcdatamodeld */; };
		A198AF50288905960037E808 /* Persistence.swift in Sources */ = {isa = PBXBuildFile; fileRef = A198AF4F288905960037E808 /* Persistence.swift */; };
		A198AF52288906910037E808 /* Home.swift in Sources */ = {isa = PBXBuildFile; fileRef = A198AF51288906910037E808 /* Home.swift */; };
		A198AF54288906A60037E808 /* DynamicFilteredView.swift in Sources */ = {isa = PBXBuildFile; fileRef = A198AF53288906A60037E808 /* DynamicFilteredView.swift */; };
		A198AF56288906B70037E808 /* AddNewLink.swift in Sources */ = {isa = PBXBuildFile; fileRef = A198AF55288906B70037E808 /* AddNewLink.swift */; };
		A198AF582889071A0037E808 /* LinkViewModel.swift in Sources */ = {isa = PBXBuildFile; fileRef = A198AF572889071A0037E808 /* LinkViewModel.swift */; };
/* End PBXBuildFile section */

/* Begin PBXFileReference section */
		A161BC312887B7EF00B17658 /* LiNotes.app */ = {isa = PBXFileReference; explicitFileType = wrapper.application; includeInIndex = 0; path = LiNotes.app; sourceTree = BUILT_PRODUCTS_DIR; };
		A161BC342887B7EF00B17658 /* LiNotesApp.swift */ = {isa = PBXFileReference; lastKnownFileType = sourcecode.swift; path = LiNotesApp.swift; sourceTree = "<group>"; };
		A161BC362887B7EF00B17658 /* ContentView.swift */ = {isa = PBXFileReference; lastKnownFileType = sourcecode.swift; path = ContentView.swift; sourceTree = "<group>"; };
		A161BC382887B7F000B17658 /* Assets.xcassets */ = {isa = PBXFileReference; lastKnownFileType = folder.assetcatalog; path = Assets.xcassets; sourceTree = "<group>"; };
		A161BC3B2887B7F000B17658 /* Preview Assets.xcassets */ = {isa = PBXFileReference; lastKnownFileType = folder.assetcatalog; path = "Preview Assets.xcassets"; sourceTree = "<group>"; };
		A161BC5C2887BD4D00B17658 /* Info.plist */ = {isa = PBXFileReference; lastKnownFileType = text.plist; path = Info.plist; sourceTree = "<group>"; };
		A161BC5D2887CDBC00B17658 /* HomeView.swift */ = {isa = PBXFileReference; lastKnownFileType = sourcecode.swift; path = HomeView.swift; sourceTree = "<group>"; };
		A161BC612887D7D100B17658 /* OnboardingView.swift */ = {isa = PBXFileReference; lastKnownFileType = sourcecode.swift; path = OnboardingView.swift; sourceTree = "<group>"; };
		A198AF4D288905370037E808 /* LiNotesCoreData.xcdatamodel */ = {isa = PBXFileReference; lastKnownFileType = wrapper.xcdatamodel; path = LiNotesCoreData.xcdatamodel; sourceTree = "<group>"; };
		A198AF4F288905960037E808 /* Persistence.swift */ = {isa = PBXFileReference; lastKnownFileType = sourcecode.swift; path = Persistence.swift; sourceTree = "<group>"; };
		A198AF51288906910037E808 /* Home.swift */ = {isa = PBXFileReference; lastKnownFileType = sourcecode.swift; path = Home.swift; sourceTree = "<group>"; };
		A198AF53288906A60037E808 /* DynamicFilteredView.swift */ = {isa = PBXFileReference; lastKnownFileType = sourcecode.swift; path = DynamicFilteredView.swift; sourceTree = "<group>"; };
		A198AF55288906B70037E808 /* AddNewLink.swift */ = {isa = PBXFileReference; lastKnownFileType = sourcecode.swift; path = AddNewLink.swift; sourceTree = "<group>"; };
		A198AF572889071A0037E808 /* LinkViewModel.swift */ = {isa = PBXFileReference; lastKnownFileType = sourcecode.swift; path = LinkViewModel.swift; sourceTree = "<group>"; };
/* End PBXFileReference section */

/* Begin PBXFrameworksBuildPhase section */
		A161BC2E2887B7EF00B17658 /* Frameworks */ = {
			isa = PBXFrameworksBuildPhase;
			buildActionMask = 2147483647;
			files = (
			);
			runOnlyForDeploymentPostprocessing = 0;
		};
/* End PBXFrameworksBuildPhase section */

/* Begin PBXGroup section */
		A161BC282887B7EF00B17658 = {
			isa = PBXGroup;
			children = (
				A161BC332887B7EF00B17658 /* LiNotes */,
				A161BC322887B7EF00B17658 /* Products */,
			);
			sourceTree = "<group>";
		};
		A161BC322887B7EF00B17658 /* Products */ = {
			isa = PBXGroup;
			children = (
				A161BC312887B7EF00B17658 /* LiNotes.app */,
			);
			name = Products;
			sourceTree = "<group>";
		};
		A161BC332887B7EF00B17658 /* LiNotes */ = {
			isa = PBXGroup;
			children = (
				A198AF59288907680037E808 /* ViewModel */,
				A198AF5A288907720037E808 /* View */,
				A198AF4F288905960037E808 /* Persistence.swift */,
				A161BC342887B7EF00B17658 /* LiNotesApp.swift */,
				A198AF4C288905370037E808 /* LiNotesCoreData.xcdatamodeld */,
				A161BC5C2887BD4D00B17658 /* Info.plist */,
				A161BC382887B7F000B17658 /* Assets.xcassets */,
				A161BC3A2887B7F000B17658 /* Preview Content */,
			);
			path = LiNotes;
			sourceTree = "<group>";
		};
		A161BC3A2887B7F000B17658 /* Preview Content */ = {
			isa = PBXGroup;
			children = (
				A161BC3B2887B7F000B17658 /* Preview Assets.xcassets */,
			);
			path = "Preview Content";
			sourceTree = "<group>";
		};
		A198AF59288907680037E808 /* ViewModel */ = {
			isa = PBXGroup;
			children = (
				A198AF572889071A0037E808 /* LinkViewModel.swift */,
			);
			path = ViewModel;
			sourceTree = "<group>";
		};
		A198AF5A288907720037E808 /* View */ = {
			isa = PBXGroup;
			children = (
				A198AF51288906910037E808 /* Home.swift */,
				A161BC5D2887CDBC00B17658 /* HomeView.swift */,
				A198AF53288906A60037E808 /* DynamicFilteredView.swift */,
				A198AF55288906B70037E808 /* AddNewLink.swift */,
				A161BC612887D7D100B17658 /* OnboardingView.swift */,
				A161BC362887B7EF00B17658 /* ContentView.swift */,
			);
			path = View;
			sourceTree = "<group>";
		};
/* End PBXGroup section */

/* Begin PBXNativeTarget section */
		A161BC302887B7EF00B17658 /* LiNotes */ = {
			isa = PBXNativeTarget;
			buildConfigurationList = A161BC3F2887B7F000B17658 /* Build configuration list for PBXNativeTarget "LiNotes" */;
			buildPhases = (
				A161BC2D2887B7EF00B17658 /* Sources */,
				A161BC2E2887B7EF00B17658 /* Frameworks */,
				A161BC2F2887B7EF00B17658 /* Resources */,
			);
			buildRules = (
			);
			dependencies = (
			);
			name = LiNotes;
			productName = LiNotes;
			productReference = A161BC312887B7EF00B17658 /* LiNotes.app */;
			productType = "com.apple.product-type.application";
		};
/* End PBXNativeTarget section */

/* Begin PBXProject section */
		A161BC292887B7EF00B17658 /* Project object */ = {
			isa = PBXProject;
			attributes = {
				BuildIndependentTargetsInParallel = 1;
				LastSwiftUpdateCheck = 1340;
				LastUpgradeCheck = 1340;
				TargetAttributes = {
					A161BC302887B7EF00B17658 = {
						CreatedOnToolsVersion = 13.4;
					};
				};
			};
			buildConfigurationList = A161BC2C2887B7EF00B17658 /* Build configuration list for PBXProject "LiNotes" */;
			compatibilityVersion = "Xcode 13.0";
			developmentRegion = en;
			hasScannedForEncodings = 0;
			knownRegions = (
				en,
				Base,
			);
			mainGroup = A161BC282887B7EF00B17658;
			productRefGroup = A161BC322887B7EF00B17658 /* Products */;
			projectDirPath = "";
			projectRoot = "";
			targets = (
				A161BC302887B7EF00B17658 /* LiNotes */,
			);
		};
/* End PBXProject section */

/* Begin PBXResourcesBuildPhase section */
		A161BC2F2887B7EF00B17658 /* Resources */ = {
			isa = PBXResourcesBuildPhase;
			buildActionMask = 2147483647;
			files = (
				A161BC3C2887B7F000B17658 /* Preview Assets.xcassets in Resources */,
				A161BC392887B7F000B17658 /* Assets.xcassets in Resources */,
			);
			runOnlyForDeploymentPostprocessing = 0;
		};
/* End PBXResourcesBuildPhase section */

/* Begin PBXSourcesBuildPhase section */
		A161BC2D2887B7EF00B17658 /* Sources */ = {
			isa = PBXSourcesBuildPhase;
			buildActionMask = 2147483647;
			files = (
				A161BC5E2887CDBC00B17658 /* HomeView.swift in Sources */,
				A161BC372887B7EF00B17658 /* ContentView.swift in Sources */,
				A161BC622887D7D100B17658 /* OnboardingView.swift in Sources */,
				A198AF582889071A0037E808 /* LinkViewModel.swift in Sources */,
				A198AF54288906A60037E808 /* DynamicFilteredView.swift in Sources */,
				A198AF50288905960037E808 /* Persistence.swift in Sources */,
				A198AF56288906B70037E808 /* AddNewLink.swift in Sources */,
				A198AF4E288905370037E808 /* LiNotesCoreData.xcdatamodeld in Sources */,
				A161BC352887B7EF00B17658 /* LiNotesApp.swift in Sources */,
				A198AF52288906910037E808 /* Home.swift in Sources */,
			);
			runOnlyForDeploymentPostprocessing = 0;
		};
/* End PBXSourcesBuildPhase section */

/* Begin XCBuildConfiguration section */
		A161BC3D2887B7F000B17658 /* Debug */ = {
			isa = XCBuildConfiguration;
			buildSettings = {
				ALWAYS_SEARCH_USER_PATHS = NO;
				CLANG_ANALYZER_NONNULL = YES;
				CLANG_ANALYZER_NUMBER_OBJECT_CONVERSION = YES_AGGRESSIVE;
				CLANG_CXX_LANGUAGE_STANDARD = "gnu++17";
				CLANG_ENABLE_MODULES = YES;
				CLANG_ENABLE_OBJC_ARC = YES;
				CLANG_ENABLE_OBJC_WEAK = YES;
				CLANG_WARN_BLOCK_CAPTURE_AUTORELEASING = YES;
				CLANG_WARN_BOOL_CONVERSION = YES;
				CLANG_WARN_COMMA = YES;
				CLANG_WARN_CONSTANT_CONVERSION = YES;
				CLANG_WARN_DEPRECATED_OBJC_IMPLEMENTATIONS = YES;
				CLANG_WARN_DIRECT_OBJC_ISA_USAGE = YES_ERROR;
				CLANG_WARN_DOCUMENTATION_COMMENTS = YES;
				CLANG_WARN_EMPTY_BODY = YES;
				CLANG_WARN_ENUM_CONVERSION = YES;
				CLANG_WARN_INFINITE_RECURSION = YES;
				CLANG_WARN_INT_CONVERSION = YES;
				CLANG_WARN_NON_LITERAL_NULL_CONVERSION = YES;
				CLANG_WARN_OBJC_IMPLICIT_RETAIN_SELF = YES;
				CLANG_WARN_OBJC_LITERAL_CONVERSION = YES;
				CLANG_WARN_OBJC_ROOT_CLASS = YES_ERROR;
				CLANG_WARN_QUOTED_INCLUDE_IN_FRAMEWORK_HEADER = YES;
				CLANG_WARN_RANGE_LOOP_ANALYSIS = YES;
				CLANG_WARN_STRICT_PROTOTYPES = YES;
				CLANG_WARN_SUSPICIOUS_MOVE = YES;
				CLANG_WARN_UNGUARDED_AVAILABILITY = YES_AGGRESSIVE;
				CLANG_WARN_UNREACHABLE_CODE = YES;
				CLANG_WARN__DUPLICATE_METHOD_MATCH = YES;
				COPY_PHASE_STRIP = NO;
				DEBUG_INFORMATION_FORMAT = dwarf;
				ENABLE_STRICT_OBJC_MSGSEND = YES;
				ENABLE_TESTABILITY = YES;
				GCC_C_LANGUAGE_STANDARD = gnu11;
				GCC_DYNAMIC_NO_PIC = NO;
				GCC_NO_COMMON_BLOCKS = YES;
				GCC_OPTIMIZATION_LEVEL = 0;
				GCC_PREPROCESSOR_DEFINITIONS = (
					"DEBUG=1",
					"$(inherited)",
				);
				GCC_WARN_64_TO_32_BIT_CONVERSION = YES;
				GCC_WARN_ABOUT_RETURN_TYPE = YES_ERROR;
				GCC_WARN_UNDECLARED_SELECTOR = YES;
				GCC_WARN_UNINITIALIZED_AUTOS = YES_AGGRESSIVE;
				GCC_WARN_UNUSED_FUNCTION = YES;
				GCC_WARN_UNUSED_VARIABLE = YES;
				IPHONEOS_DEPLOYMENT_TARGET = 15.5;
				MTL_ENABLE_DEBUG_INFO = INCLUDE_SOURCE;
				MTL_FAST_MATH = YES;
				ONLY_ACTIVE_ARCH = YES;
				SDKROOT = iphoneos;
				SWIFT_ACTIVE_COMPILATION_CONDITIONS = DEBUG;
				SWIFT_OPTIMIZATION_LEVEL = "-Onone";
			};
			name = Debug;
		};
		A161BC3E2887B7F000B17658 /* Release */ = {
			isa = XCBuildConfiguration;
			buildSettings = {
				ALWAYS_SEARCH_USER_PATHS = NO;
				CLANG_ANALYZER_NONNULL = YES;
				CLANG_ANALYZER_NUMBER_OBJECT_CONVERSION = YES_AGGRESSIVE;
				CLANG_CXX_LANGUAGE_STANDARD = "gnu++17";
				CLANG_ENABLE_MODULES = YES;
				CLANG_ENABLE_OBJC_ARC = YES;
				CLANG_ENABLE_OBJC_WEAK = YES;
				CLANG_WARN_BLOCK_CAPTURE_AUTORELEASING = YES;
				CLANG_WARN_BOOL_CONVERSION = YES;
				CLANG_WARN_COMMA = YES;
				CLANG_WARN_CONSTANT_CONVERSION = YES;
				CLANG_WARN_DEPRECATED_OBJC_IMPLEMENTATIONS = YES;
				CLANG_WARN_DIRECT_OBJC_ISA_USAGE = YES_ERROR;
				CLANG_WARN_DOCUMENTATION_COMMENTS = YES;
				CLANG_WARN_EMPTY_BODY = YES;
				CLANG_WARN_ENUM_CONVERSION = YES;
				CLANG_WARN_INFINITE_RECURSION = YES;
				CLANG_WARN_INT_CONVERSION = YES;
				CLANG_WARN_NON_LITERAL_NULL_CONVERSION = YES;
				CLANG_WARN_OBJC_IMPLICIT_RETAIN_SELF = YES;
				CLANG_WARN_OBJC_LITERAL_CONVERSION = YES;
				CLANG_WARN_OBJC_ROOT_CLASS = YES_ERROR;
				CLANG_WARN_QUOTED_INCLUDE_IN_FRAMEWORK_HEADER = YES;
				CLANG_WARN_RANGE_LOOP_ANALYSIS = YES;
				CLANG_WARN_STRICT_PROTOTYPES = YES;
				CLANG_WARN_SUSPICIOUS_MOVE = YES;
				CLANG_WARN_UNGUARDED_AVAILABILITY = YES_AGGRESSIVE;
				CLANG_WARN_UNREACHABLE_CODE = YES;
				CLANG_WARN__DUPLICATE_METHOD_MATCH = YES;
				COPY_PHASE_STRIP = NO;
				DEBUG_INFORMATION_FORMAT = "dwarf-with-dsym";
				ENABLE_NS_ASSERTIONS = NO;
				ENABLE_STRICT_OBJC_MSGSEND = YES;
				GCC_C_LANGUAGE_STANDARD = gnu11;
				GCC_NO_COMMON_BLOCKS = YES;
				GCC_WARN_64_TO_32_BIT_CONVERSION = YES;
				GCC_WARN_ABOUT_RETURN_TYPE = YES_ERROR;
				GCC_WARN_UNDECLARED_SELECTOR = YES;
				GCC_WARN_UNINITIALIZED_AUTOS = YES_AGGRESSIVE;
				GCC_WARN_UNUSED_FUNCTION = YES;
				GCC_WARN_UNUSED_VARIABLE = YES;
				IPHONEOS_DEPLOYMENT_TARGET = 15.5;
				MTL_ENABLE_DEBUG_INFO = NO;
				MTL_FAST_MATH = YES;
				SDKROOT = iphoneos;
				SWIFT_COMPILATION_MODE = wholemodule;
				SWIFT_OPTIMIZATION_LEVEL = "-O";
				VALIDATE_PRODUCT = YES;
			};
			name = Release;
		};
		A161BC402887B7F000B17658 /* Debug */ = {
			isa = XCBuildConfiguration;
			buildSettings = {
				ASSETCATALOG_COMPILER_APPICON_NAME = AppIcon;
				ASSETCATALOG_COMPILER_GLOBAL_ACCENT_COLOR_NAME = AccentColor;
				CODE_SIGN_STYLE = Automatic;
				CURRENT_PROJECT_VERSION = 1;
				DEVELOPMENT_ASSET_PATHS = "\"LiNotes/Preview Content\"";
				DEVELOPMENT_TEAM = 462KP9V27X;
				ENABLE_PREVIEWS = YES;
				GENERATE_INFOPLIST_FILE = YES;
				INFOPLIST_FILE = LiNotes/Info.plist;
				INFOPLIST_KEY_UIApplicationSceneManifest_Generation = YES;
				INFOPLIST_KEY_UIApplicationSupportsIndirectInputEvents = YES;
				INFOPLIST_KEY_UILaunchStoryboardName = logosmall;
				INFOPLIST_KEY_UISupportedInterfaceOrientations_iPad = "UIInterfaceOrientationPortrait UIInterfaceOrientationPortraitUpsideDown UIInterfaceOrientationLandscapeLeft UIInterfaceOrientationLandscapeRight";
				INFOPLIST_KEY_UISupportedInterfaceOrientations_iPhone = "UIInterfaceOrientationPortrait UIInterfaceOrientationLandscapeLeft UIInterfaceOrientationLandscapeRight";
				LD_RUNPATH_SEARCH_PATHS = (
					"$(inherited)",
					"@executable_path/Frameworks",
				);
				MARKETING_VERSION = 1.0;
				PRODUCT_BUNDLE_IDENTIFIER = com.AppleDeveloperAcademyBinus.LiNotes;
				PRODUCT_NAME = "$(TARGET_NAME)";
				SWIFT_EMIT_LOC_STRINGS = YES;
				SWIFT_VERSION = 5.0;
				TARGETED_DEVICE_FAMILY = "1,2";
			};
			name = Debug;
		};
		A161BC412887B7F000B17658 /* Release */ = {
			isa = XCBuildConfiguration;
			buildSettings = {
				ASSETCATALOG_COMPILER_APPICON_NAME = AppIcon;
				ASSETCATALOG_COMPILER_GLOBAL_ACCENT_COLOR_NAME = AccentColor;
				CODE_SIGN_STYLE = Automatic;
				CURRENT_PROJECT_VERSION = 1;
				DEVELOPMENT_ASSET_PATHS = "\"LiNotes/Preview Content\"";
				DEVELOPMENT_TEAM = 462KP9V27X;
				ENABLE_PREVIEWS = YES;
				GENERATE_INFOPLIST_FILE = YES;
				INFOPLIST_FILE = LiNotes/Info.plist;
				INFOPLIST_KEY_UIApplicationSceneManifest_Generation = YES;
				INFOPLIST_KEY_UIApplicationSupportsIndirectInputEvents = YES;
				INFOPLIST_KEY_UILaunchStoryboardName = logosmall;
				INFOPLIST_KEY_UISupportedInterfaceOrientations_iPad = "UIInterfaceOrientationPortrait UIInterfaceOrientationPortraitUpsideDown UIInterfaceOrientationLandscapeLeft UIInterfaceOrientationLandscapeRight";
				INFOPLIST_KEY_UISupportedInterfaceOrientations_iPhone = "UIInterfaceOrientationPortrait UIInterfaceOrientationLandscapeLeft UIInterfaceOrientationLandscapeRight";
				LD_RUNPATH_SEARCH_PATHS = (
					"$(inherited)",
					"@executable_path/Frameworks",
				);
				MARKETING_VERSION = 1.0;
				PRODUCT_BUNDLE_IDENTIFIER = com.AppleDeveloperAcademyBinus.LiNotes;
				PRODUCT_NAME = "$(TARGET_NAME)";
				SWIFT_EMIT_LOC_STRINGS = YES;
				SWIFT_VERSION = 5.0;
				TARGETED_DEVICE_FAMILY = "1,2";
			};
			name = Release;
		};
/* End XCBuildConfiguration section */

/* Begin XCConfigurationList section */
		A161BC2C2887B7EF00B17658 /* Build configuration list for PBXProject "LiNotes" */ = {
			isa = XCConfigurationList;
			buildConfigurations = (
				A161BC3D2887B7F000B17658 /* Debug */,
				A161BC3E2887B7F000B17658 /* Release */,
			);
			defaultConfigurationIsVisible = 0;
			defaultConfigurationName = Release;
		};
		A161BC3F2887B7F000B17658 /* Build configuration list for PBXNativeTarget "LiNotes" */ = {
			isa = XCConfigurationList;
			buildConfigurations = (
				A161BC402887B7F000B17658 /* Debug */,
				A161BC412887B7F000B17658 /* Release */,
			);
			defaultConfigurationIsVisible = 0;
			defaultConfigurationName = Release;
		};
/* End XCConfigurationList section */

/* Begin XCVersionGroup section */
		A198AF4C288905370037E808 /* LiNotesCoreData.xcdatamodeld */ = {
			isa = XCVersionGroup;
			children = (
				A198AF4D288905370037E808 /* LiNotesCoreData.xcdatamodel */,
			);
			currentVersion = A198AF4D288905370037E808 /* LiNotesCoreData.xcdatamodel */;
			path = LiNotesCoreData.xcdatamodeld;
			sourceTree = "<group>";
			versionGroupType = wrapper.xcdatamodel;
		};
/* End XCVersionGroup section */
	};
	rootObject = A161BC292887B7EF00B17658 /* Project object */;
}
